
Microsoft Visual Studio Solution File, Format Version 10.00
# Visual Studio 2008
Project("{8BC9CEB8-8B4A-11D0-8D11-00A0C91BC942}") = "mvtkCore", "mvtkCore\mvtkCore.vcproj", "{F6D8536D-A60B-484C-AB4D-7BFDFCAFF7C0}"
EndProject
Global
	GlobalSection(SolutionConfigurationPlatforms) = preSolution
		Debug|Win32 = Debug|Win32
		Release|Win32 = Release|Win32
	EndGlobalSection
	GlobalSection(ProjectConfigurationPlatforms) = postSolution
		{F6D8536D-A60B-484C-AB4D-7BFDFCAFF7C0}.Debug|Win32.ActiveCfg = Debug|Win32
		{F6D8536D-A60B-484C-AB4D-7BFDFCAFF7C0}.Debug|Win32.Build.0 = Debug|Win32
		{F6D8536D-A60B-484C-AB4D-7BFDFCAFF7C0}.Release|Win32.ActiveCfg = Release|Win32
		{F6D8536D-A60B-484C-AB4D-7BFDFCAFF7C0}.Release|Win32.Build.0 = Release|Win32
		{FB5E807D-FCFB-4EB6-AEF2-79D20173BB4F}.Debug|Win32.ActiveCfg = Debug|Win32
		{FB5E807D-FCFB-4EB6-AEF2-79D20173BB4F}.Debug|Win32.Build.0 = Debug|Win32
		{FB5E807D-FCFB-4EB6-AEF2-79D20173BB4F}.Release|Win32.ActiveCfg = Release|Win32
		{FB5E807D-FCFB-4EB6-AEF2-79D20173BB4F}.Release|Win32.Build.0 = Release|Win32
	EndGlobalSection
	GlobalSection(SolutionProperties) = preSolution
		HideSolutionNode = FALSE
	EndGlobalSection
EndGlobal
